
Microsoft Visual Studio Solution File, Format Version 12.00
# Visual Studio Version 16
VisualStudioVersion = 16.0.31402.337
MinimumVisualStudioVersion = 10.0.40219.1
Project("{FAE04EC0-301F-11D3-BF4B-00C04F79EFBC}") = "lesson-4", "lesson-4\lesson-4.csproj", "{5F0FB4F5-28A2-4B95-9455-DC7D9B963F01}"
EndProject
Global
	GlobalSection(SolutionConfigurationPlatforms) = preSolution
		Debug|Any CPU = Debug|Any CPU
		Release|Any CPU = Release|Any CPU
	EndGlobalSection
	GlobalSection(ProjectConfigurationPlatforms) = postSolution
		{5F0FB4F5-28A2-4B95-9455-DC7D9B963F01}.Debug|Any CPU.ActiveCfg = Debug|Any CPU
		{5F0FB4F5-28A2-4B95-9455-DC7D9B963F01}.Debug|Any CPU.Build.0 = Debug|Any CPU
		{5F0FB4F5-28A2-4B95-9455-DC7D9B963F01}.Release|Any CPU.ActiveCfg = Release|Any CPU
		{5F0FB4F5-28A2-4B95-9455-DC7D9B963F01}.Release|Any CPU.Build.0 = Release|Any CPU
	EndGlobalSection
	GlobalSection(SolutionProperties) = preSolution
		HideSolutionNode = FALSE
	EndGlobalSection
	GlobalSection(ExtensibilityGlobals) = postSolution
		SolutionGuid = {B19C747D-DF22-483C-8BD2-E78599575FC3}
	EndGlobalSection
EndGlobal
